
Microsoft Visual Studio Solution File, Format Version 12.00
# Visual Studio Version 17
VisualStudioVersion = 17.0.31903.59
MinimumVisualStudioVersion = 10.0.40219.1
Project("{9A19103F-16F7-4668-BE54-9A1E7A4F7556}") = "ParserObjects", "ParserObjects\ParserObjects.csproj", "{E054DEBB-D8C5-44CE-A8B1-1623F6E7B5A2}"
EndProject
Project("{9A19103F-16F7-4668-BE54-9A1E7A4F7556}") = "ParserObjects.Tests", "ParserObjects.Tests\ParserObjects.Tests.csproj", "{97302AA6-29B0-4F5F-B514-2F665B057BB3}"
EndProject
Project("{2150E333-8FDC-42A3-9474-1A3956D46DE8}") = "Solution Items", "Solution Items", "{B56D9886-D8CA-4DFF-96EF-A7D9626DECA3}"
	ProjectSection(SolutionItems) = preProject
		README.md = README.md
		StyleCop.ruleset = StyleCop.ruleset
	EndProjectSection
EndProject
Project("{2150E333-8FDC-42A3-9474-1A3956D46DE8}") = "Utility", "Utility", "{200F15F4-B82F-4594-B70D-4851382657B1}"
EndProject
Project("{9A19103F-16F7-4668-BE54-9A1E7A4F7556}") = "ParserObjects.BenchmarkHarness", "ParserObjects.BenchmarkHarness\ParserObjects.BenchmarkHarness.csproj", "{4E3513CB-82F6-4616-AEF4-49D06C8DEE24}"
EndProject
Project("{9A19103F-16F7-4668-BE54-9A1E7A4F7556}") = "ParserObjects.CodeGen", "ParserObjects.CodeGen\ParserObjects.CodeGen.csproj", "{3D2EEC75-04FC-46E3-A434-77E14721F7C7}"
EndProject
Global
	GlobalSection(SolutionConfigurationPlatforms) = preSolution
		Debug|Any CPU = Debug|Any CPU
		Release|Any CPU = Release|Any CPU
	EndGlobalSection
	GlobalSection(ProjectConfigurationPlatforms) = postSolution
		{E054DEBB-D8C5-44CE-A8B1-1623F6E7B5A2}.Debug|Any CPU.ActiveCfg = Debug|Any CPU
		{E054DEBB-D8C5-44CE-A8B1-1623F6E7B5A2}.Debug|Any CPU.Build.0 = Debug|Any CPU
		{E054DEBB-D8C5-44CE-A8B1-1623F6E7B5A2}.Release|Any CPU.ActiveCfg = Release|Any CPU
		{E054DEBB-D8C5-44CE-A8B1-1623F6E7B5A2}.Release|Any CPU.Build.0 = Release|Any CPU
		{97302AA6-29B0-4F5F-B514-2F665B057BB3}.Debug|Any CPU.ActiveCfg = Debug|Any CPU
		{97302AA6-29B0-4F5F-B514-2F665B057BB3}.Debug|Any CPU.Build.0 = Debug|Any CPU
		{97302AA6-29B0-4F5F-B514-2F665B057BB3}.Release|Any CPU.ActiveCfg = Release|Any CPU
		{97302AA6-29B0-4F5F-B514-2F665B057BB3}.Release|Any CPU.Build.0 = Release|Any CPU
		{4E3513CB-82F6-4616-AEF4-49D06C8DEE24}.Debug|Any CPU.ActiveCfg = Debug|Any CPU
		{4E3513CB-82F6-4616-AEF4-49D06C8DEE24}.Debug|Any CPU.Build.0 = Debug|Any CPU
		{4E3513CB-82F6-4616-AEF4-49D06C8DEE24}.Release|Any CPU.ActiveCfg = Release|Any CPU
		{4E3513CB-82F6-4616-AEF4-49D06C8DEE24}.Release|Any CPU.Build.0 = Release|Any CPU
		{3D2EEC75-04FC-46E3-A434-77E14721F7C7}.Debug|Any CPU.ActiveCfg = Debug|Any CPU
		{3D2EEC75-04FC-46E3-A434-77E14721F7C7}.Debug|Any CPU.Build.0 = Debug|Any CPU
		{3D2EEC75-04FC-46E3-A434-77E14721F7C7}.Release|Any CPU.ActiveCfg = Release|Any CPU
		{3D2EEC75-04FC-46E3-A434-77E14721F7C7}.Release|Any CPU.Build.0 = Release|Any CPU
	EndGlobalSection
	GlobalSection(SolutionProperties) = preSolution
		HideSolutionNode = FALSE
	EndGlobalSection
	GlobalSection(NestedProjects) = preSolution
		{4E3513CB-82F6-4616-AEF4-49D06C8DEE24} = {200F15F4-B82F-4594-B70D-4851382657B1}
	EndGlobalSection
	GlobalSection(ExtensibilityGlobals) = postSolution
		SolutionGuid = {3B0DC888-5466-40AB-9D60-50449CB4D874}
	EndGlobalSection
EndGlobal
